// !$*UTF8*$!
{
	archiveVersion = 1;
	classes = {
	};
	objectVersion = 77;
	objects = {

/* Begin PBXBuildFile section */
		58395405B95ABAEAF40902F6 /* Pods_Prajna_PrajnaUITests.framework in Frameworks */ = {isa = PBXBuildFile; fileRef = A60D25A367B0B4F770CCCD08 /* Pods_Prajna_PrajnaUITests.framework */; };
		C7F262618C1675E45C0A0742 /* Pods_PrajnaTests.framework in Frameworks */ = {isa = PBXBuildFile; fileRef = 5B0BDDEF2ED54754CF56B821 /* Pods_PrajnaTests.framework */; };
		ED05EC096F660542CEF6422A /* Pods_Prajna.framework in Frameworks */ = {isa = PBXBuildFile; fileRef = D5C72978529F0FD172EF192A /* Pods_Prajna.framework */; };
/* End PBXBuildFile section */

/* Begin PBXContainerItemProxy section */
		D804A1F22E545C2E00511D10 /* PBXContainerItemProxy */ = {
			isa = PBXContainerItemProxy;
			containerPortal = D804A1D32E545C2C00511D10 /* Project object */;
			proxyType = 1;
			remoteGlobalIDString = D804A1DA2E545C2C00511D10;
			remoteInfo = Prajna;
		};
		D804A1FC2E545C2E00511D10 /* PBXContainerItemProxy */ = {
			isa = PBXContainerItemProxy;
			containerPortal = D804A1D32E545C2C00511D10 /* Project object */;
			proxyType = 1;
			remoteGlobalIDString = D804A1DA2E545C2C00511D10;
			remoteInfo = Prajna;
		};
/* End PBXContainerItemProxy section */

/* Begin PBXFileReference section */
		144291F774E9EAFA4394D0D7 /* Pods-Prajna-PrajnaUITests.release.xcconfig */ = {isa = PBXFileReference; includeInIndex = 1; lastKnownFileType = text.xcconfig; name = "Pods-Prajna-PrajnaUITests.release.xcconfig"; path = "Target Support Files/Pods-Prajna-PrajnaUITests/Pods-Prajna-PrajnaUITests.release.xcconfig"; sourceTree = "<group>"; };
		31936150E66354C12B4CF530 /* Pods-Prajna.debug.xcconfig */ = {isa = PBXFileReference; includeInIndex = 1; lastKnownFileType = text.xcconfig; name = "Pods-Prajna.debug.xcconfig"; path = "Target Support Files/Pods-Prajna/Pods-Prajna.debug.xcconfig"; sourceTree = "<group>"; };
		5B0BDDEF2ED54754CF56B821 /* Pods_PrajnaTests.framework */ = {isa = PBXFileReference; explicitFileType = wrapper.framework; includeInIndex = 0; path = Pods_PrajnaTests.framework; sourceTree = BUILT_PRODUCTS_DIR; };
		7CE2A30001E522B59BE8E7C1 /* Pods-PrajnaTests.debug.xcconfig */ = {isa = PBXFileReference; includeInIndex = 1; lastKnownFileType = text.xcconfig; name = "Pods-PrajnaTests.debug.xcconfig"; path = "Target Support Files/Pods-PrajnaTests/Pods-PrajnaTests.debug.xcconfig"; sourceTree = "<group>"; };
		9035EEF42AF8EBC01FBF6EED /* Pods-Prajna.release.xcconfig */ = {isa = PBXFileReference; includeInIndex = 1; lastKnownFileType = text.xcconfig; name = "Pods-Prajna.release.xcconfig"; path = "Target Support Files/Pods-Prajna/Pods-Prajna.release.xcconfig"; sourceTree = "<group>"; };
		A60D25A367B0B4F770CCCD08 /* Pods_Prajna_PrajnaUITests.framework */ = {isa = PBXFileReference; explicitFileType = wrapper.framework; includeInIndex = 0; path = Pods_Prajna_PrajnaUITests.framework; sourceTree = BUILT_PRODUCTS_DIR; };
		D5C72978529F0FD172EF192A /* Pods_Prajna.framework */ = {isa = PBXFileReference; explicitFileType = wrapper.framework; includeInIndex = 0; path = Pods_Prajna.framework; sourceTree = BUILT_PRODUCTS_DIR; };
		D804A1DB2E545C2C00511D10 /* Prajna.app */ = {isa = PBXFileReference; explicitFileType = wrapper.application; includeInIndex = 0; path = Prajna.app; sourceTree = BUILT_PRODUCTS_DIR; };
		D804A1F12E545C2E00511D10 /* PrajnaTests.xctest */ = {isa = PBXFileReference; explicitFileType = wrapper.cfbundle; includeInIndex = 0; path = PrajnaTests.xctest; sourceTree = BUILT_PRODUCTS_DIR; };
		D804A1FB2E545C2E00511D10 /* PrajnaUITests.xctest */ = {isa = PBXFileReference; explicitFileType = wrapper.cfbundle; includeInIndex = 0; path = PrajnaUITests.xctest; sourceTree = BUILT_PRODUCTS_DIR; };
		E59C6838D92C11F6B10F9D73 /* Pods-PrajnaTests.release.xcconfig */ = {isa = PBXFileReference; includeInIndex = 1; lastKnownFileType = text.xcconfig; name = "Pods-PrajnaTests.release.xcconfig"; path = "Target Support Files/Pods-PrajnaTests/Pods-PrajnaTests.release.xcconfig"; sourceTree = "<group>"; };
		ECDACF18E84C40A824463516 /* Pods-Prajna-PrajnaUITests.debug.xcconfig */ = {isa = PBXFileReference; includeInIndex = 1; lastKnownFileType = text.xcconfig; name = "Pods-Prajna-PrajnaUITests.debug.xcconfig"; path = "Target Support Files/Pods-Prajna-PrajnaUITests/Pods-Prajna-PrajnaUITests.debug.xcconfig"; sourceTree = "<group>"; };
/* End PBXFileReference section */

/* Begin PBXFileSystemSynchronizedBuildFileExceptionSet section */
		D804A2032E545C2E00511D10 /* Exceptions for "Prajna" folder in "Prajna" target */ = {
			isa = PBXFileSystemSynchronizedBuildFileExceptionSet;
			membershipExceptions = (
				Info.plist,
			);
			target = D804A1DA2E545C2C00511D10 /* Prajna */;
		};
/* End PBXFileSystemSynchronizedBuildFileExceptionSet section */

/* Begin PBXFileSystemSynchronizedRootGroup section */
		D804A1DD2E545C2C00511D10 /* Prajna */ = {
			isa = PBXFileSystemSynchronizedRootGroup;
			exceptions = (
				D804A2032E545C2E00511D10 /* Exceptions for "Prajna" folder in "Prajna" target */,
			);
			path = Prajna;
			sourceTree = "<group>";
		};
		D804A1F42E545C2E00511D10 /* PrajnaTests */ = {
			isa = PBXFileSystemSynchronizedRootGroup;
			path = PrajnaTests;
			sourceTree = "<group>";
		};
		D804A1FE2E545C2E00511D10 /* PrajnaUITests */ = {
			isa = PBXFileSystemSynchronizedRootGroup;
			path = PrajnaUITests;
			sourceTree = "<group>";
		};
/* End PBXFileSystemSynchronizedRootGroup section */

/* Begin PBXFrameworksBuildPhase section */
		D804A1D82E545C2C00511D10 /* Frameworks */ = {
			isa = PBXFrameworksBuildPhase;
			buildActionMask = 2147483647;
			files = (
				ED05EC096F660542CEF6422A /* Pods_Prajna.framework in Frameworks */,
			);
			runOnlyForDeploymentPostprocessing = 0;
		};
		D804A1EE2E545C2E00511D10 /* Frameworks */ = {
			isa = PBXFrameworksBuildPhase;
			buildActionMask = 2147483647;
			files = (
				C7F262618C1675E45C0A0742 /* Pods_PrajnaTests.framework in Frameworks */,
			);
			runOnlyForDeploymentPostprocessing = 0;
		};
		D804A1F82E545C2E00511D10 /* Frameworks */ = {
			isa = PBXFrameworksBuildPhase;
			buildActionMask = 2147483647;
			files = (
				58395405B95ABAEAF40902F6 /* Pods_Prajna_PrajnaUITests.framework in Frameworks */,
			);
			runOnlyForDeploymentPostprocessing = 0;
		};
/* End PBXFrameworksBuildPhase section */

/* Begin PBXGroup section */
		6220F492168FBFD84D5358E4 /* Pods */ = {
			isa = PBXGroup;
			children = (
				31936150E66354C12B4CF530 /* Pods-Prajna.debug.xcconfig */,
				9035EEF42AF8EBC01FBF6EED /* Pods-Prajna.release.xcconfig */,
				ECDACF18E84C40A824463516 /* Pods-Prajna-PrajnaUITests.debug.xcconfig */,
				144291F774E9EAFA4394D0D7 /* Pods-Prajna-PrajnaUITests.release.xcconfig */,
				7CE2A30001E522B59BE8E7C1 /* Pods-PrajnaTests.debug.xcconfig */,
				E59C6838D92C11F6B10F9D73 /* Pods-PrajnaTests.release.xcconfig */,
			);
			path = Pods;
			sourceTree = "<group>";
		};
		722F0E100F7270EB1B14FB46 /* Frameworks */ = {
			isa = PBXGroup;
			children = (
				D5C72978529F0FD172EF192A /* Pods_Prajna.framework */,
				A60D25A367B0B4F770CCCD08 /* Pods_Prajna_PrajnaUITests.framework */,
				5B0BDDEF2ED54754CF56B821 /* Pods_PrajnaTests.framework */,
			);
			name = Frameworks;
			sourceTree = "<group>";
		};
		D804A1D22E545C2C00511D10 = {
			isa = PBXGroup;
			children = (
				D804A1DD2E545C2C00511D10 /* Prajna */,
				D804A1F42E545C2E00511D10 /* PrajnaTests */,
				D804A1FE2E545C2E00511D10 /* PrajnaUITests */,
				D804A1DC2E545C2C00511D10 /* Products */,
				6220F492168FBFD84D5358E4 /* Pods */,
				722F0E100F7270EB1B14FB46 /* Frameworks */,
			);
			sourceTree = "<group>";
		};
		D804A1DC2E545C2C00511D10 /* Products */ = {
			isa = PBXGroup;
			children = (
				D804A1DB2E545C2C00511D10 /* Prajna.app */,
				D804A1F12E545C2E00511D10 /* PrajnaTests.xctest */,
				D804A1FB2E545C2E00511D10 /* PrajnaUITests.xctest */,
			);
			name = Products;
			sourceTree = "<group>";
		};
/* End PBXGroup section */

/* Begin PBXNativeTarget section */
		D804A1DA2E545C2C00511D10 /* Prajna */ = {
			isa = PBXNativeTarget;
			buildConfigurationList = D804A2042E545C2E00511D10 /* Build configuration list for PBXNativeTarget "Prajna" */;
			buildPhases = (
				4E8A6387AF19DE240656C57F /* [CP] Check Pods Manifest.lock */,
				D804A1D72E545C2C00511D10 /* Sources */,
				D804A1D82E545C2C00511D10 /* Frameworks */,
				D804A1D92E545C2C00511D10 /* Resources */,
				40EBEF0A1459073BE94AA4E0 /* [CP] Embed Pods Frameworks */,
			);
			buildRules = (
			);
			dependencies = (
			);
			fileSystemSynchronizedGroups = (
				D804A1DD2E545C2C00511D10 /* Prajna */,
			);
			name = Prajna;
			productName = Prajna;
			productReference = D804A1DB2E545C2C00511D10 /* Prajna.app */;
			productType = "com.apple.product-type.application";
		};
		D804A1F02E545C2E00511D10 /* PrajnaTests */ = {
			isa = PBXNativeTarget;
			buildConfigurationList = D804A2092E545C2E00511D10 /* Build configuration list for PBXNativeTarget "PrajnaTests" */;
			buildPhases = (
				044EE92E9C991E391351D830 /* [CP] Check Pods Manifest.lock */,
				D804A1ED2E545C2E00511D10 /* Sources */,
				D804A1EE2E545C2E00511D10 /* Frameworks */,
				D804A1EF2E545C2E00511D10 /* Resources */,
			);
			buildRules = (
			);
			dependencies = (
				D804A1F32E545C2E00511D10 /* PBXTargetDependency */,
			);
			fileSystemSynchronizedGroups = (
				D804A1F42E545C2E00511D10 /* PrajnaTests */,
			);
			name = PrajnaTests;
			productName = PrajnaTests;
			productReference = D804A1F12E545C2E00511D10 /* PrajnaTests.xctest */;
			productType = "com.apple.product-type.bundle.unit-test";
		};
		D804A1FA2E545C2E00511D10 /* PrajnaUITests */ = {
			isa = PBXNativeTarget;
			buildConfigurationList = D804A20C2E545C2E00511D10 /* Build configuration list for PBXNativeTarget "PrajnaUITests" */;
			buildPhases = (
				7418A90D4EF511C2518B5BB9 /* [CP] Check Pods Manifest.lock */,
				D804A1F72E545C2E00511D10 /* Sources */,
				D804A1F82E545C2E00511D10 /* Frameworks */,
				D804A1F92E545C2E00511D10 /* Resources */,
				3615DAC15171D59C2C358D97 /* [CP] Embed Pods Frameworks */,
			);
			buildRules = (
			);
			dependencies = (
				D804A1FD2E545C2E00511D10 /* PBXTargetDependency */,
			);
			fileSystemSynchronizedGroups = (
				D804A1FE2E545C2E00511D10 /* PrajnaUITests */,
			);
			name = PrajnaUITests;
			productName = PrajnaUITests;
			productReference = D804A1FB2E545C2E00511D10 /* PrajnaUITests.xctest */;
			productType = "com.apple.product-type.bundle.ui-testing";
		};
/* End PBXNativeTarget section */

/* Begin PBXProject section */
		D804A1D32E545C2C00511D10 /* Project object */ = {
			isa = PBXProject;
			attributes = {
				BuildIndependentTargetsInParallel = 1;
				LastSwiftUpdateCheck = 1630;
				LastUpgradeCheck = 1630;
				TargetAttributes = {
					D804A1DA2E545C2C00511D10 = {
						CreatedOnToolsVersion = 16.3;
					};
					D804A1F02E545C2E00511D10 = {
						CreatedOnToolsVersion = 16.3;
						TestTargetID = D804A1DA2E545C2C00511D10;
					};
					D804A1FA2E545C2E00511D10 = {
						CreatedOnToolsVersion = 16.3;
						TestTargetID = D804A1DA2E545C2C00511D10;
					};
				};
			};
			buildConfigurationList = D804A1D62E545C2C00511D10 /* Build configuration list for PBXProject "Prajna" */;
			developmentRegion = en;
			hasScannedForEncodings = 0;
			knownRegions = (
				en,
				Base,
				"zh-Hans",
			);
			mainGroup = D804A1D22E545C2C00511D10;
			minimizedProjectReferenceProxies = 1;
			preferredProjectObjectVersion = 77;
			productRefGroup = D804A1DC2E545C2C00511D10 /* Products */;
			projectDirPath = "";
			projectRoot = "";
			targets = (
				D804A1DA2E545C2C00511D10 /* Prajna */,
				D804A1F02E545C2E00511D10 /* PrajnaTests */,
				D804A1FA2E545C2E00511D10 /* PrajnaUITests */,
			);
		};
/* End PBXProject section */

/* Begin PBXResourcesBuildPhase section */
		D804A1D92E545C2C00511D10 /* Resources */ = {
			isa = PBXResourcesBuildPhase;
			buildActionMask = 2147483647;
			files = (
			);
			runOnlyForDeploymentPostprocessing = 0;
		};
		D804A1EF2E545C2E00511D10 /* Resources */ = {
			isa = PBXResourcesBuildPhase;
			buildActionMask = 2147483647;
			files = (
			);
			runOnlyForDeploymentPostprocessing = 0;
		};
		D804A1F92E545C2E00511D10 /* Resources */ = {
			isa = PBXResourcesBuildPhase;
			buildActionMask = 2147483647;
			files = (
			);
			runOnlyForDeploymentPostprocessing = 0;
		};
/* End PBXResourcesBuildPhase section */

/* Begin PBXShellScriptBuildPhase section */
		044EE92E9C991E391351D830 /* [CP] Check Pods Manifest.lock */ = {
			isa = PBXShellScriptBuildPhase;
			buildActionMask = 2147483647;
			files = (
			);
			inputFileListPaths = (
			);
			inputPaths = (
				"${PODS_PODFILE_DIR_PATH}/Podfile.lock",
				"${PODS_ROOT}/Manifest.lock",
			);
			name = "[CP] Check Pods Manifest.lock";
			outputFileListPaths = (
			);
			outputPaths = (
				"$(DERIVED_FILE_DIR)/Pods-PrajnaTests-checkManifestLockResult.txt",
			);
			runOnlyForDeploymentPostprocessing = 0;
			shellPath = /bin/sh;
			shellScript = "diff \"${PODS_PODFILE_DIR_PATH}/Podfile.lock\" \"${PODS_ROOT}/Manifest.lock\" > /dev/null\nif [ $? != 0 ] ; then\n    # print error to STDERR\n    echo \"error: The sandbox is not in sync with the Podfile.lock. Run 'pod install' or update your CocoaPods installation.\" >&2\n    exit 1\nfi\n# This output is used by Xcode 'outputs' to avoid re-running this script phase.\necho \"SUCCESS\" > \"${SCRIPT_OUTPUT_FILE_0}\"\n";
			showEnvVarsInLog = 0;
		};
		3615DAC15171D59C2C358D97 /* [CP] Embed Pods Frameworks */ = {
			isa = PBXShellScriptBuildPhase;
			buildActionMask = 2147483647;
			files = (
			);
			inputFileListPaths = (
				"${PODS_ROOT}/Target Support Files/Pods-Prajna-PrajnaUITests/Pods-Prajna-PrajnaUITests-frameworks-${CONFIGURATION}-input-files.xcfilelist",
			);
			inputPaths = (
			);
			name = "[CP] Embed Pods Frameworks";
			outputFileListPaths = (
				"${PODS_ROOT}/Target Support Files/Pods-Prajna-PrajnaUITests/Pods-Prajna-PrajnaUITests-frameworks-${CONFIGURATION}-output-files.xcfilelist",
			);
			outputPaths = (
			);
			runOnlyForDeploymentPostprocessing = 0;
			shellPath = /bin/sh;
			shellScript = "\"${PODS_ROOT}/Target Support Files/Pods-Prajna-PrajnaUITests/Pods-Prajna-PrajnaUITests-frameworks.sh\"\n";
			showEnvVarsInLog = 0;
		};
		40EBEF0A1459073BE94AA4E0 /* [CP] Embed Pods Frameworks */ = {
			isa = PBXShellScriptBuildPhase;
			buildActionMask = 2147483647;
			files = (
			);
			inputFileListPaths = (
				"${PODS_ROOT}/Target Support Files/Pods-Prajna/Pods-Prajna-frameworks-${CONFIGURATION}-input-files.xcfilelist",
			);
			inputPaths = (
			);
			name = "[CP] Embed Pods Frameworks";
			outputFileListPaths = (
				"${PODS_ROOT}/Target Support Files/Pods-Prajna/Pods-Prajna-frameworks-${CONFIGURATION}-output-files.xcfilelist",
			);
			outputPaths = (
			);
			runOnlyForDeploymentPostprocessing = 0;
			shellPath = /bin/sh;
			shellScript = "\"${PODS_ROOT}/Target Support Files/Pods-Prajna/Pods-Prajna-frameworks.sh\"\n";
			showEnvVarsInLog = 0;
		};
		4E8A6387AF19DE240656C57F /* [CP] Check Pods Manifest.lock */ = {
			isa = PBXShellScriptBuildPhase;
			buildActionMask = 2147483647;
			files = (
			);
			inputFileListPaths = (
			);
			inputPaths = (
				"${PODS_PODFILE_DIR_PATH}/Podfile.lock",
				"${PODS_ROOT}/Manifest.lock",
			);
			name = "[CP] Check Pods Manifest.lock";
			outputFileListPaths = (
			);
			outputPaths = (
				"$(DERIVED_FILE_DIR)/Pods-Prajna-checkManifestLockResult.txt",
			);
			runOnlyForDeploymentPostprocessing = 0;
			shellPath = /bin/sh;
			shellScript = "diff \"${PODS_PODFILE_DIR_PATH}/Podfile.lock\" \"${PODS_ROOT}/Manifest.lock\" > /dev/null\nif [ $? != 0 ] ; then\n    # print error to STDERR\n    echo \"error: The sandbox is not in sync with the Podfile.lock. Run 'pod install' or update your CocoaPods installation.\" >&2\n    exit 1\nfi\n# This output is used by Xcode 'outputs' to avoid re-running this script phase.\necho \"SUCCESS\" > \"${SCRIPT_OUTPUT_FILE_0}\"\n";
			showEnvVarsInLog = 0;
		};
		7418A90D4EF511C2518B5BB9 /* [CP] Check Pods Manifest.lock */ = {
			isa = PBXShellScriptBuildPhase;
			buildActionMask = 2147483647;
			files = (
			);
			inputFileListPaths = (
			);
			inputPaths = (
				"${PODS_PODFILE_DIR_PATH}/Podfile.lock",
				"${PODS_ROOT}/Manifest.lock",
			);
			name = "[CP] Check Pods Manifest.lock";
			outputFileListPaths = (
			);
			outputPaths = (
				"$(DERIVED_FILE_DIR)/Pods-Prajna-PrajnaUITests-checkManifestLockResult.txt",
			);
			runOnlyForDeploymentPostprocessing = 0;
			shellPath = /bin/sh;
			shellScript = "diff \"${PODS_PODFILE_DIR_PATH}/Podfile.lock\" \"${PODS_ROOT}/Manifest.lock\" > /dev/null\nif [ $? != 0 ] ; then\n    # print error to STDERR\n    echo \"error: The sandbox is not in sync with the Podfile.lock. Run 'pod install' or update your CocoaPods installation.\" >&2\n    exit 1\nfi\n# This output is used by Xcode 'outputs' to avoid re-running this script phase.\necho \"SUCCESS\" > \"${SCRIPT_OUTPUT_FILE_0}\"\n";
			showEnvVarsInLog = 0;
		};
/* End PBXShellScriptBuildPhase section */

/* Begin PBXSourcesBuildPhase section */
		D804A1D72E545C2C00511D10 /* Sources */ = {
			isa = PBXSourcesBuildPhase;
			buildActionMask = 2147483647;
			files = (
			);
			runOnlyForDeploymentPostprocessing = 0;
		};
		D804A1ED2E545C2E00511D10 /* Sources */ = {
			isa = PBXSourcesBuildPhase;
			buildActionMask = 2147483647;
			files = (
			);
			runOnlyForDeploymentPostprocessing = 0;
		};
		D804A1F72E545C2E00511D10 /* Sources */ = {
			isa = PBXSourcesBuildPhase;
			buildActionMask = 2147483647;
			files = (
			);
			runOnlyForDeploymentPostprocessing = 0;
		};
/* End PBXSourcesBuildPhase section */

/* Begin PBXTargetDependency section */
		D804A1F32E545C2E00511D10 /* PBXTargetDependency */ = {
			isa = PBXTargetDependency;
			target = D804A1DA2E545C2C00511D10 /* Prajna */;
			targetProxy = D804A1F22E545C2E00511D10 /* PBXContainerItemProxy */;
		};
		D804A1FD2E545C2E00511D10 /* PBXTargetDependency */ = {
			isa = PBXTargetDependency;
			target = D804A1DA2E545C2C00511D10 /* Prajna */;
			targetProxy = D804A1FC2E545C2E00511D10 /* PBXContainerItemProxy */;
		};
/* End PBXTargetDependency section */

/* Begin XCBuildConfiguration section */
		D804A2052E545C2E00511D10 /* Debug */ = {
			isa = XCBuildConfiguration;
			baseConfigurationReference = 31936150E66354C12B4CF530 /* Pods-Prajna.debug.xcconfig */;
			buildSettings = {
				ASSETCATALOG_COMPILER_APPICON_NAME = AppIcon;
				ASSETCATALOG_COMPILER_GLOBAL_ACCENT_COLOR_NAME = AccentColor;
				CODE_SIGN_STYLE = Automatic;
				CURRENT_PROJECT_VERSION = 1;
				DEVELOPMENT_TEAM = W9W9XT8P87;
				ENABLE_USER_SCRIPT_SANDBOXING = NO;
				GENERATE_INFOPLIST_FILE = YES;
				INFOPLIST_FILE = Prajna/Info.plist;
				INFOPLIST_KEY_UIApplicationSupportsIndirectInputEvents = YES;
				INFOPLIST_KEY_UILaunchStoryboardName = LaunchScreen;
				INFOPLIST_KEY_UIMainStoryboardFile = Main;
				INFOPLIST_KEY_UISupportedInterfaceOrientations_iPad = "UIInterfaceOrientationPortrait UIInterfaceOrientationPortraitUpsideDown UIInterfaceOrientationLandscapeLeft UIInterfaceOrientationLandscapeRight";
				INFOPLIST_KEY_UISupportedInterfaceOrientations_iPhone = "UIInterfaceOrientationPortrait UIInterfaceOrientationLandscapeLeft UIInterfaceOrientationLandscapeRight";
				IPHONEOS_DEPLOYMENT_TARGET = 15.6;
				LD_RUNPATH_SEARCH_PATHS = (
					"$(inherited)",
					"@executable_path/Frameworks",
				);
				MARKETING_VERSION = 1.0;
				PRODUCT_BUNDLE_IDENTIFIER = com.in.Prajna;
				PRODUCT_NAME = "$(TARGET_NAME)";
				SWIFT_EMIT_LOC_STRINGS = YES;
				SWIFT_VERSION = 5.0;
				TARGETED_DEVICE_FAMILY = "1,2";
			};
			name = Debug;
		};
		D804A2062E545C2E00511D10 /* Release */ = {
			isa = XCBuildConfiguration;
			baseConfigurationReference = 9035EEF42AF8EBC01FBF6EED /* Pods-Prajna.release.xcconfig */;
			buildSettings = {
				ASSETCATALOG_COMPILER_APPICON_NAME = AppIcon;
				ASSETCATALOG_COMPILER_GLOBAL_ACCENT_COLOR_NAME = AccentColor;
				CODE_SIGN_STYLE = Automatic;
				CURRENT_PROJECT_VERSION = 1;
				DEVELOPMENT_TEAM = W9W9XT8P87;
				ENABLE_USER_SCRIPT_SANDBOXING = NO;
				GENERATE_INFOPLIST_FILE = YES;
				INFOPLIST_FILE = Prajna/Info.plist;
				INFOPLIST_KEY_UIApplicationSupportsIndirectInputEvents = YES;
				INFOPLIST_KEY_UILaunchStoryboardName = LaunchScreen;
				INFOPLIST_KEY_UIMainStoryboardFile = Main;
				INFOPLIST_KEY_UISupportedInterfaceOrientations_iPad = "UIInterfaceOrientationPortrait UIInterfaceOrientationPortraitUpsideDown UIInterfaceOrientationLandscapeLeft UIInterfaceOrientationLandscapeRight";
				INFOPLIST_KEY_UISupportedInterfaceOrientations_iPhone = "UIInterfaceOrientationPortrait UIInterfaceOrientationLandscapeLeft UIInterfaceOrientationLandscapeRight";
				IPHONEOS_DEPLOYMENT_TARGET = 15.6;
				LD_RUNPATH_SEARCH_PATHS = (
					"$(inherited)",
					"@executable_path/Frameworks",
				);
				MARKETING_VERSION = 1.0;
				PRODUCT_BUNDLE_IDENTIFIER = com.in.Prajna;
				PRODUCT_NAME = "$(TARGET_NAME)";
				SWIFT_EMIT_LOC_STRINGS = YES;
				SWIFT_VERSION = 5.0;
				TARGETED_DEVICE_FAMILY = "1,2";
			};
			name = Release;
		};
		D804A2072E545C2E00511D10 /* Debug */ = {
			isa = XCBuildConfiguration;
			buildSettings = {
				ALWAYS_SEARCH_USER_PATHS = NO;
				ASSETCATALOG_COMPILER_GENERATE_SWIFT_ASSET_SYMBOL_EXTENSIONS = YES;
				CLANG_ANALYZER_NONNULL = YES;
				CLANG_ANALYZER_NUMBER_OBJECT_CONVERSION = YES_AGGRESSIVE;
				CLANG_CXX_LANGUAGE_STANDARD = "gnu++20";
				CLANG_ENABLE_MODULES = YES;
				CLANG_ENABLE_OBJC_ARC = YES;
				CLANG_ENABLE_OBJC_WEAK = YES;
				CLANG_WARN_BLOCK_CAPTURE_AUTORELEASING = YES;
				CLANG_WARN_BOOL_CONVERSION = YES;
				CLANG_WARN_COMMA = YES;
				CLANG_WARN_CONSTANT_CONVERSION = YES;
				CLANG_WARN_DEPRECATED_OBJC_IMPLEMENTATIONS = YES;
				CLANG_WARN_DIRECT_OBJC_ISA_USAGE = YES_ERROR;
				CLANG_WARN_DOCUMENTATION_COMMENTS = YES;
				CLANG_WARN_EMPTY_BODY = YES;
				CLANG_WARN_ENUM_CONVERSION = YES;
				CLANG_WARN_INFINITE_RECURSION = YES;
				CLANG_WARN_INT_CONVERSION = YES;
				CLANG_WARN_NON_LITERAL_NULL_CONVERSION = YES;
				CLANG_WARN_OBJC_IMPLICIT_RETAIN_SELF = YES;
				CLANG_WARN_OBJC_LITERAL_CONVERSION = YES;
				CLANG_WARN_OBJC_ROOT_CLASS = YES_ERROR;
				CLANG_WARN_QUOTED_INCLUDE_IN_FRAMEWORK_HEADER = YES;
				CLANG_WARN_RANGE_LOOP_ANALYSIS = YES;
				CLANG_WARN_STRICT_PROTOTYPES = YES;
				CLANG_WARN_SUSPICIOUS_MOVE = YES;
				CLANG_WARN_UNGUARDED_AVAILABILITY = YES_AGGRESSIVE;
				CLANG_WARN_UNREACHABLE_CODE = YES;
				CLANG_WARN__DUPLICATE_METHOD_MATCH = YES;
				COPY_PHASE_STRIP = NO;
				DEBUG_INFORMATION_FORMAT = dwarf;
				DEVELOPMENT_TEAM = W9W9XT8P87;
				ENABLE_STRICT_OBJC_MSGSEND = YES;
				ENABLE_TESTABILITY = YES;
				ENABLE_USER_SCRIPT_SANDBOXING = YES;
				GCC_C_LANGUAGE_STANDARD = gnu17;
				GCC_DYNAMIC_NO_PIC = NO;
				GCC_NO_COMMON_BLOCKS = YES;
				GCC_OPTIMIZATION_LEVEL = 0;
				GCC_PREPROCESSOR_DEFINITIONS = (
					"DEBUG=1",
					"$(inherited)",
				);
				GCC_WARN_64_TO_32_BIT_CONVERSION = YES;
				GCC_WARN_ABOUT_RETURN_TYPE = YES_ERROR;
				GCC_WARN_UNDECLARED_SELECTOR = YES;
				GCC_WARN_UNINITIALIZED_AUTOS = YES_AGGRESSIVE;
				GCC_WARN_UNUSED_FUNCTION = YES;
				GCC_WARN_UNUSED_VARIABLE = YES;
				IPHONEOS_DEPLOYMENT_TARGET = 18.4;
				LOCALIZATION_PREFERS_STRING_CATALOGS = YES;
				MTL_ENABLE_DEBUG_INFO = INCLUDE_SOURCE;
				MTL_FAST_MATH = YES;
				ONLY_ACTIVE_ARCH = YES;
				SDKROOT = iphoneos;
				SWIFT_ACTIVE_COMPILATION_CONDITIONS = "DEBUG $(inherited)";
				SWIFT_OPTIMIZATION_LEVEL = "-Onone";
			};
			name = Debug;
		};
		D804A2082E545C2E00511D10 /* Release */ = {
			isa = XCBuildConfiguration;
			buildSettings = {
				ALWAYS_SEARCH_USER_PATHS = NO;
				ASSETCATALOG_COMPILER_GENERATE_SWIFT_ASSET_SYMBOL_EXTENSIONS = YES;
				CLANG_ANALYZER_NONNULL = YES;
				CLANG_ANALYZER_NUMBER_OBJECT_CONVERSION = YES_AGGRESSIVE;
				CLANG_CXX_LANGUAGE_STANDARD = "gnu++20";
				CLANG_ENABLE_MODULES = YES;
				CLANG_ENABLE_OBJC_ARC = YES;
				CLANG_ENABLE_OBJC_WEAK = YES;
				CLANG_WARN_BLOCK_CAPTURE_AUTORELEASING = YES;
				CLANG_WARN_BOOL_CONVERSION = YES;
				CLANG_WARN_COMMA = YES;
				CLANG_WARN_CONSTANT_CONVERSION = YES;
				CLANG_WARN_DEPRECATED_OBJC_IMPLEMENTATIONS = YES;
				CLANG_WARN_DIRECT_OBJC_ISA_USAGE = YES_ERROR;
				CLANG_WARN_DOCUMENTATION_COMMENTS = YES;
				CLANG_WARN_EMPTY_BODY = YES;
				CLANG_WARN_ENUM_CONVERSION = YES;
				CLANG_WARN_INFINITE_RECURSION = YES;
				CLANG_WARN_INT_CONVERSION = YES;
				CLANG_WARN_NON_LITERAL_NULL_CONVERSION = YES;
				CLANG_WARN_OBJC_IMPLICIT_RETAIN_SELF = YES;
				CLANG_WARN_OBJC_LITERAL_CONVERSION = YES;
				CLANG_WARN_OBJC_ROOT_CLASS = YES_ERROR;
				CLANG_WARN_QUOTED_INCLUDE_IN_FRAMEWORK_HEADER = YES;
				CLANG_WARN_RANGE_LOOP_ANALYSIS = YES;
				CLANG_WARN_STRICT_PROTOTYPES = YES;
				CLANG_WARN_SUSPICIOUS_MOVE = YES;
				CLANG_WARN_UNGUARDED_AVAILABILITY = YES_AGGRESSIVE;
				CLANG_WARN_UNREACHABLE_CODE = YES;
				CLANG_WARN__DUPLICATE_METHOD_MATCH = YES;
				COPY_PHASE_STRIP = NO;
				DEBUG_INFORMATION_FORMAT = "dwarf-with-dsym";
				DEVELOPMENT_TEAM = W9W9XT8P87;
				ENABLE_NS_ASSERTIONS = NO;
				ENABLE_STRICT_OBJC_MSGSEND = YES;
				ENABLE_USER_SCRIPT_SANDBOXING = YES;
				GCC_C_LANGUAGE_STANDARD = gnu17;
				GCC_NO_COMMON_BLOCKS = YES;
				GCC_WARN_64_TO_32_BIT_CONVERSION = YES;
				GCC_WARN_ABOUT_RETURN_TYPE = YES_ERROR;
				GCC_WARN_UNDECLARED_SELECTOR = YES;
				GCC_WARN_UNINITIALIZED_AUTOS = YES_AGGRESSIVE;
				GCC_WARN_UNUSED_FUNCTION = YES;
				GCC_WARN_UNUSED_VARIABLE = YES;
				IPHONEOS_DEPLOYMENT_TARGET = 18.4;
				LOCALIZATION_PREFERS_STRING_CATALOGS = YES;
				MTL_ENABLE_DEBUG_INFO = NO;
				MTL_FAST_MATH = YES;
				SDKROOT = iphoneos;
				SWIFT_COMPILATION_MODE = wholemodule;
				VALIDATE_PRODUCT = YES;
			};
			name = Release;
		};
		D804A20A2E545C2E00511D10 /* Debug */ = {
			isa = XCBuildConfiguration;
			baseConfigurationReference = 7CE2A30001E522B59BE8E7C1 /* Pods-PrajnaTests.debug.xcconfig */;
			buildSettings = {
				BUNDLE_LOADER = "$(TEST_HOST)";
				CODE_SIGN_STYLE = Automatic;
				CURRENT_PROJECT_VERSION = 1;
				DEVELOPMENT_TEAM = W9W9XT8P87;
				GENERATE_INFOPLIST_FILE = YES;
				IPHONEOS_DEPLOYMENT_TARGET = 18.4;
				MARKETING_VERSION = 1.0;
				PRODUCT_BUNDLE_IDENTIFIER = com.in.PrajnaTests;
				PRODUCT_NAME = "$(TARGET_NAME)";
				SWIFT_EMIT_LOC_STRINGS = NO;
				SWIFT_VERSION = 5.0;
				TARGETED_DEVICE_FAMILY = "1,2";
				TEST_HOST = "$(BUILT_PRODUCTS_DIR)/Prajna.app/$(BUNDLE_EXECUTABLE_FOLDER_PATH)/Prajna";
			};
			name = Debug;
		};
		D804A20B2E545C2E00511D10 /* Release */ = {
			isa = XCBuildConfiguration;
			baseConfigurationReference = E59C6838D92C11F6B10F9D73 /* Pods-PrajnaTests.release.xcconfig */;
			buildSettings = {
				BUNDLE_LOADER = "$(TEST_HOST)";
				CODE_SIGN_STYLE = Automatic;
				CURRENT_PROJECT_VERSION = 1;
				DEVELOPMENT_TEAM = W9W9XT8P87;
				GENERATE_INFOPLIST_FILE = YES;
				IPHONEOS_DEPLOYMENT_TARGET = 18.4;
				MARKETING_VERSION = 1.0;
				PRODUCT_BUNDLE_IDENTIFIER = com.in.PrajnaTests;
				PRODUCT_NAME = "$(TARGET_NAME)";
				SWIFT_EMIT_LOC_STRINGS = NO;
				SWIFT_VERSION = 5.0;
				TARGETED_DEVICE_FAMILY = "1,2";
				TEST_HOST = "$(BUILT_PRODUCTS_DIR)/Prajna.app/$(BUNDLE_EXECUTABLE_FOLDER_PATH)/Prajna";
			};
			name = Release;
		};
		D804A20D2E545C2E00511D10 /* Debug */ = {
			isa = XCBuildConfiguration;
			baseConfigurationReference = ECDACF18E84C40A824463516 /* Pods-Prajna-PrajnaUITests.debug.xcconfig */;
			buildSettings = {
				CODE_SIGN_STYLE = Automatic;
				CURRENT_PROJECT_VERSION = 1;
				DEVELOPMENT_TEAM = W9W9XT8P87;
				GENERATE_INFOPLIST_FILE = YES;
				MARKETING_VERSION = 1.0;
				PRODUCT_BUNDLE_IDENTIFIER = com.in.PrajnaUITests;
				PRODUCT_NAME = "$(TARGET_NAME)";
				SWIFT_EMIT_LOC_STRINGS = NO;
				SWIFT_VERSION = 5.0;
				TARGETED_DEVICE_FAMILY = "1,2";
				TEST_TARGET_NAME = Prajna;
			};
			name = Debug;
		};
		D804A20E2E545C2E00511D10 /* Release */ = {
			isa = XCBuildConfiguration;
			baseConfigurationReference = 144291F774E9EAFA4394D0D7 /* Pods-Prajna-PrajnaUITests.release.xcconfig */;
			buildSettings = {
				CODE_SIGN_STYLE = Automatic;
				CURRENT_PROJECT_VERSION = 1;
				DEVELOPMENT_TEAM = W9W9XT8P87;
				GENERATE_INFOPLIST_FILE = YES;
				MARKETING_VERSION = 1.0;
				PRODUCT_BUNDLE_IDENTIFIER = com.in.PrajnaUITests;
				PRODUCT_NAME = "$(TARGET_NAME)";
				SWIFT_EMIT_LOC_STRINGS = NO;
				SWIFT_VERSION = 5.0;
				TARGETED_DEVICE_FAMILY = "1,2";
				TEST_TARGET_NAME = Prajna;
			};
			name = Release;
		};
/* End XCBuildConfiguration section */

/* Begin XCConfigurationList section */
		D804A1D62E545C2C00511D10 /* Build configuration list for PBXProject "Prajna" */ = {
			isa = XCConfigurationList;
			buildConfigurations = (
				D804A2072E545C2E00511D10 /* Debug */,
				D804A2082E545C2E00511D10 /* Release */,
			);
			defaultConfigurationIsVisible = 0;
			defaultConfigurationName = Release;
		};
		D804A2042E545C2E00511D10 /* Build configuration list for PBXNativeTarget "Prajna" */ = {
			isa = XCConfigurationList;
			buildConfigurations = (
				D804A2052E545C2E00511D10 /* Debug */,
				D804A2062E545C2E00511D10 /* Release */,
			);
			defaultConfigurationIsVisible = 0;
			defaultConfigurationName = Release;
		};
		D804A2092E545C2E00511D10 /* Build configuration list for PBXNativeTarget "PrajnaTests" */ = {
			isa = XCConfigurationList;
			buildConfigurations = (
				D804A20A2E545C2E00511D10 /* Debug */,
				D804A20B2E545C2E00511D10 /* Release */,
			);
			defaultConfigurationIsVisible = 0;
			defaultConfigurationName = Release;
		};
		D804A20C2E545C2E00511D10 /* Build configuration list for PBXNativeTarget "PrajnaUITests" */ = {
			isa = XCConfigurationList;
			buildConfigurations = (
				D804A20D2E545C2E00511D10 /* Debug */,
				D804A20E2E545C2E00511D10 /* Release */,
			);
			defaultConfigurationIsVisible = 0;
			defaultConfigurationName = Release;
		};
/* End XCConfigurationList section */
	};
	rootObject = D804A1D32E545C2C00511D10 /* Project object */;
}
